
Microsoft Visual Studio Solution File, Format Version 12.00
# Visual Studio Version 17
VisualStudioVersion = 17.1.32319.34
MinimumVisualStudioVersion = 10.0.40219.1
Project("{9A19103F-16F7-4668-BE54-9A1E7A4F7556}") = "Interpolated string handlers", "Interpolated string handlers\Interpolated string handlers.csproj", "{6C9F9C4F-2291-48F8-B712-4B6EF497AA26}"
EndProject
Global
	GlobalSection(SolutionConfigurationPlatforms) = preSolution
		Debug|Any CPU = Debug|Any CPU
		Release|Any CPU = Release|Any CPU
	EndGlobalSection
	GlobalSection(ProjectConfigurationPlatforms) = postSolution
		{6C9F9C4F-2291-48F8-B712-4B6EF497AA26}.Debug|Any CPU.ActiveCfg = Debug|Any CPU
		{6C9F9C4F-2291-48F8-B712-4B6EF497AA26}.Debug|Any CPU.Build.0 = Debug|Any CPU
		{6C9F9C4F-2291-48F8-B712-4B6EF497AA26}.Release|Any CPU.ActiveCfg = Release|Any CPU
		{6C9F9C4F-2291-48F8-B712-4B6EF497AA26}.Release|Any CPU.Build.0 = Release|Any CPU
	EndGlobalSection
	GlobalSection(SolutionProperties) = preSolution
		HideSolutionNode = FALSE
	EndGlobalSection
	GlobalSection(ExtensibilityGlobals) = postSolution
		SolutionGuid = {824CB26D-1425-4407-B19E-00295B407318}
	EndGlobalSection
EndGlobal
